
Microsoft Visual Studio Solution File, Format Version 12.00
# Visual Studio 2015
Project("{FAE04EC0-301F-11D3-BF4B-00C04F79EFBC}") = "developClass", "developClass.csproj", "{00B2D9FE-DDBC-5C61-4329-A47087A3CB06}"
EndProject
Project("{FAE04EC0-301F-11D3-BF4B-00C04F79EFBC}") = "developClass.Editor", "developClass.Editor.csproj", "{74F6A8E2-8AC4-8ADB-4114-D045D06F2E64}"
EndProject
Global
	GlobalSection(SolutionConfigurationPlatforms) = preSolution
		Debug|Any CPU = Debug|Any CPU
		Release|Any CPU = Release|Any CPU
	EndGlobalSection
	GlobalSection(ProjectConfigurationPlatforms) = postSolution
		{00B2D9FE-DDBC-5C61-4329-A47087A3CB06}.Debug|Any CPU.ActiveCfg = Debug|Any CPU
		{00B2D9FE-DDBC-5C61-4329-A47087A3CB06}.Debug|Any CPU.Build.0 = Debug|Any CPU
		{00B2D9FE-DDBC-5C61-4329-A47087A3CB06}.Release|Any CPU.ActiveCfg = Release|Any CPU
		{00B2D9FE-DDBC-5C61-4329-A47087A3CB06}.Release|Any CPU.Build.0 = Release|Any CPU
		{74F6A8E2-8AC4-8ADB-4114-D045D06F2E64}.Debug|Any CPU.ActiveCfg = Debug|Any CPU
		{74F6A8E2-8AC4-8ADB-4114-D045D06F2E64}.Debug|Any CPU.Build.0 = Debug|Any CPU
		{74F6A8E2-8AC4-8ADB-4114-D045D06F2E64}.Release|Any CPU.ActiveCfg = Release|Any CPU
		{74F6A8E2-8AC4-8ADB-4114-D045D06F2E64}.Release|Any CPU.Build.0 = Release|Any CPU
	EndGlobalSection
	GlobalSection(SolutionProperties) = preSolution
		HideSolutionNode = FALSE
	EndGlobalSection
EndGlobal
