Microsoft Visual Studio Solution File, Format Version 11.00
# Visual Studio 2008

Project("{E492CF61-F3D7-BAE2-37FC-ACFBCA7C076F}") = "developClass", "Assembly-CSharp.csproj", "{EB5DEC4B-44BD-754A-EC02-04B582A66D51}"
EndProject
Project("{E492CF61-F3D7-BAE2-37FC-ACFBCA7C076F}") = "developClass", "Assembly-CSharp-Editor.csproj", "{D6436661-E814-5282-EEFA-ADD2CD35A422}"
EndProject
Global
	GlobalSection(SolutionConfigurationPlatforms) = preSolution
		Debug|Any CPU = Debug|Any CPU
		Release|Any CPU = Release|Any CPU
	EndGlobalSection
	GlobalSection(ProjectConfigurationPlatforms) = postSolution
		{EB5DEC4B-44BD-754A-EC02-04B582A66D51}.Debug|Any CPU.ActiveCfg = Debug|Any CPU
		{EB5DEC4B-44BD-754A-EC02-04B582A66D51}.Debug|Any CPU.Build.0 = Debug|Any CPU
		{EB5DEC4B-44BD-754A-EC02-04B582A66D51}.Release|Any CPU.ActiveCfg = Release|Any CPU
		{EB5DEC4B-44BD-754A-EC02-04B582A66D51}.Release|Any CPU.Build.0 = Release|Any CPU
		{D6436661-E814-5282-EEFA-ADD2CD35A422}.Debug|Any CPU.ActiveCfg = Debug|Any CPU
		{D6436661-E814-5282-EEFA-ADD2CD35A422}.Debug|Any CPU.Build.0 = Debug|Any CPU
		{D6436661-E814-5282-EEFA-ADD2CD35A422}.Release|Any CPU.ActiveCfg = Release|Any CPU
		{D6436661-E814-5282-EEFA-ADD2CD35A422}.Release|Any CPU.Build.0 = Release|Any CPU
	EndGlobalSection
	GlobalSection(SolutionProperties) = preSolution
		HideSolutionNode = FALSE
	EndGlobalSection
	GlobalSection(MonoDevelopProperties) = preSolution
		StartupItem = Assembly-CSharp.csproj
	EndGlobalSection
EndGlobal
