
Microsoft Visual Studio Solution File, Format Version 12.00
# Visual Studio 2015
Project("{FAE04EC0-301F-11D3-BF4B-00C04F79EFBC}") = "NewDelete", "NewDelete.csproj", "{8C3EF972-46E9-3776-F298-6BF8E0DF928F}"
EndProject
Project("{FAE04EC0-301F-11D3-BF4B-00C04F79EFBC}") = "NewDelete.Editor", "NewDelete.Editor.csproj", "{1615156B-929D-82B5-E5BD-BFDADAFDF1EF}"
EndProject
Global
	GlobalSection(SolutionConfigurationPlatforms) = preSolution
		Debug|Any CPU = Debug|Any CPU
		Release|Any CPU = Release|Any CPU
	EndGlobalSection
	GlobalSection(ProjectConfigurationPlatforms) = postSolution
		{8C3EF972-46E9-3776-F298-6BF8E0DF928F}.Debug|Any CPU.ActiveCfg = Debug|Any CPU
		{8C3EF972-46E9-3776-F298-6BF8E0DF928F}.Debug|Any CPU.Build.0 = Debug|Any CPU
		{8C3EF972-46E9-3776-F298-6BF8E0DF928F}.Release|Any CPU.ActiveCfg = Release|Any CPU
		{8C3EF972-46E9-3776-F298-6BF8E0DF928F}.Release|Any CPU.Build.0 = Release|Any CPU
		{1615156B-929D-82B5-E5BD-BFDADAFDF1EF}.Debug|Any CPU.ActiveCfg = Debug|Any CPU
		{1615156B-929D-82B5-E5BD-BFDADAFDF1EF}.Debug|Any CPU.Build.0 = Debug|Any CPU
		{1615156B-929D-82B5-E5BD-BFDADAFDF1EF}.Release|Any CPU.ActiveCfg = Release|Any CPU
		{1615156B-929D-82B5-E5BD-BFDADAFDF1EF}.Release|Any CPU.Build.0 = Release|Any CPU
	EndGlobalSection
	GlobalSection(SolutionProperties) = preSolution
		HideSolutionNode = FALSE
	EndGlobalSection
EndGlobal
